
Microsoft Visual Studio Solution File, Format Version 12.00
# Visual Studio Version 17
VisualStudioVersion = 17.11.35222.181
MinimumVisualStudioVersion = 10.0.40219.1
Project("{FAE04EC0-301F-11D3-BF4B-00C04F79EFBC}") = "PO_Api", "PO_Api\PO_Api.csproj", "{DB4282F6-6CA9-4491-A315-5B8D2EA0EDBF}"
EndProject
Global
	GlobalSection(SolutionConfigurationPlatforms) = preSolution
		Debug|Any CPU = Debug|Any CPU
		Release|Any CPU = Release|Any CPU
	EndGlobalSection
	GlobalSection(ProjectConfigurationPlatforms) = postSolution
		{DB4282F6-6CA9-4491-A315-5B8D2EA0EDBF}.Debug|Any CPU.ActiveCfg = Debug|Any CPU
		{DB4282F6-6CA9-4491-A315-5B8D2EA0EDBF}.Debug|Any CPU.Build.0 = Debug|Any CPU
		{DB4282F6-6CA9-4491-A315-5B8D2EA0EDBF}.Release|Any CPU.ActiveCfg = Release|Any CPU
		{DB4282F6-6CA9-4491-A315-5B8D2EA0EDBF}.Release|Any CPU.Build.0 = Release|Any CPU
	EndGlobalSection
	GlobalSection(SolutionProperties) = preSolution
		HideSolutionNode = FALSE
	EndGlobalSection
	GlobalSection(ExtensibilityGlobals) = postSolution
		SolutionGuid = {6AB8C5BE-E3C2-417B-A545-3B1361DFE524}
	EndGlobalSection
EndGlobal
